
Microsoft Visual Studio Solution File, Format Version 12.00
# Visual Studio Version 16
VisualStudioVersion = 16.0.30804.86
MinimumVisualStudioVersion = 10.0.40219.1
Project("{FAE04EC0-301F-11D3-BF4B-00C04F79EFBC}") = "Server", "Server\Server.csproj", "{84C627D7-CE53-4870-8144-19082F0A080A}"
EndProject
Project("{FAE04EC0-301F-11D3-BF4B-00C04F79EFBC}") = "Client", "Client\Client.csproj", "{B951E60B-F650-4BF5-AF5A-7F689FCC3467}"
EndProject
Project("{FAE04EC0-301F-11D3-BF4B-00C04F79EFBC}") = "PortsListener", "PortsListener\PortsListener.csproj", "{9BB28EB9-1F4C-48E9-9920-F978C9AD4FD2}"
EndProject
Global
	GlobalSection(SolutionConfigurationPlatforms) = preSolution
		Debug|Any CPU = Debug|Any CPU
		Release|Any CPU = Release|Any CPU
	EndGlobalSection
	GlobalSection(ProjectConfigurationPlatforms) = postSolution
		{84C627D7-CE53-4870-8144-19082F0A080A}.Debug|Any CPU.ActiveCfg = Debug|Any CPU
		{84C627D7-CE53-4870-8144-19082F0A080A}.Debug|Any CPU.Build.0 = Debug|Any CPU
		{84C627D7-CE53-4870-8144-19082F0A080A}.Release|Any CPU.ActiveCfg = Release|Any CPU
		{84C627D7-CE53-4870-8144-19082F0A080A}.Release|Any CPU.Build.0 = Release|Any CPU
		{B951E60B-F650-4BF5-AF5A-7F689FCC3467}.Debug|Any CPU.ActiveCfg = Debug|Any CPU
		{B951E60B-F650-4BF5-AF5A-7F689FCC3467}.Debug|Any CPU.Build.0 = Debug|Any CPU
		{B951E60B-F650-4BF5-AF5A-7F689FCC3467}.Release|Any CPU.ActiveCfg = Release|Any CPU
		{B951E60B-F650-4BF5-AF5A-7F689FCC3467}.Release|Any CPU.Build.0 = Release|Any CPU
		{9BB28EB9-1F4C-48E9-9920-F978C9AD4FD2}.Debug|Any CPU.ActiveCfg = Debug|Any CPU
		{9BB28EB9-1F4C-48E9-9920-F978C9AD4FD2}.Debug|Any CPU.Build.0 = Debug|Any CPU
		{9BB28EB9-1F4C-48E9-9920-F978C9AD4FD2}.Release|Any CPU.ActiveCfg = Release|Any CPU
		{9BB28EB9-1F4C-48E9-9920-F978C9AD4FD2}.Release|Any CPU.Build.0 = Release|Any CPU
	EndGlobalSection
	GlobalSection(SolutionProperties) = preSolution
		HideSolutionNode = FALSE
	EndGlobalSection
	GlobalSection(ExtensibilityGlobals) = postSolution
		SolutionGuid = {11D36496-07AC-42A7-9117-785F003557A7}
	EndGlobalSection
EndGlobal
